
Microsoft Visual Studio Solution File, Format Version 11.00
# Visual Studio 2010
Project("{FAE04EC0-301F-11D3-BF4B-00C04F79EFBC}") = "Assembly-CSharp", "Assembly-CSharp.csproj", "{10271D3D-702B-C0A3-8C93-0991A25CFEEB}"
EndProject
Project("{FAE04EC0-301F-11D3-BF4B-00C04F79EFBC}") = "Assembly-CSharp-firstpass", "Assembly-CSharp-firstpass.csproj", "{DBA39348-35B3-955B-00D4-D1093950B98C}"
EndProject
Project("{FAE04EC0-301F-11D3-BF4B-00C04F79EFBC}") = "Assembly-CSharp-Editor-firstpass", "Assembly-CSharp-Editor-firstpass.csproj", "{98499BE4-3884-E584-3949-EC024B2922E0}"
EndProject
Global
	GlobalSection(SolutionConfigurationPlatforms) = preSolution
		Debug|Any CPU = Debug|Any CPU
		Release|Any CPU = Release|Any CPU
	EndGlobalSection
	GlobalSection(ProjectConfigurationPlatforms) = postSolution
		{10271D3D-702B-C0A3-8C93-0991A25CFEEB}.Debug|Any CPU.ActiveCfg = Debug|Any CPU
		{10271D3D-702B-C0A3-8C93-0991A25CFEEB}.Debug|Any CPU.Build.0 = Debug|Any CPU
		{10271D3D-702B-C0A3-8C93-0991A25CFEEB}.Release|Any CPU.ActiveCfg = Release|Any CPU
		{10271D3D-702B-C0A3-8C93-0991A25CFEEB}.Release|Any CPU.Build.0 = Release|Any CPU
		{DBA39348-35B3-955B-00D4-D1093950B98C}.Debug|Any CPU.ActiveCfg = Debug|Any CPU
		{DBA39348-35B3-955B-00D4-D1093950B98C}.Debug|Any CPU.Build.0 = Debug|Any CPU
		{DBA39348-35B3-955B-00D4-D1093950B98C}.Release|Any CPU.ActiveCfg = Release|Any CPU
		{DBA39348-35B3-955B-00D4-D1093950B98C}.Release|Any CPU.Build.0 = Release|Any CPU
		{98499BE4-3884-E584-3949-EC024B2922E0}.Debug|Any CPU.ActiveCfg = Debug|Any CPU
		{98499BE4-3884-E584-3949-EC024B2922E0}.Debug|Any CPU.Build.0 = Debug|Any CPU
		{98499BE4-3884-E584-3949-EC024B2922E0}.Release|Any CPU.ActiveCfg = Release|Any CPU
		{98499BE4-3884-E584-3949-EC024B2922E0}.Release|Any CPU.Build.0 = Release|Any CPU
	EndGlobalSection
	GlobalSection(SolutionProperties) = preSolution
		HideSolutionNode = FALSE
	EndGlobalSection
	GlobalSection(MonoDevelopProperties) = preSolution
		StartupItem = Assembly-CSharp.csproj
	EndGlobalSection
EndGlobal
